
Microsoft Visual Studio Solution File, Format Version 12.00
# Visual Studio Version 17
VisualStudioVersion = 17.9.34622.214
MinimumVisualStudioVersion = 10.0.40219.1
Project("{9A19103F-16F7-4668-BE54-9A1E7A4F7556}") = "HTMLParser.Client", "HTMLParser.Client.csproj", "{A11C550D-19BD-4653-89CF-37949102F63B}"
EndProject
Project("{9A19103F-16F7-4668-BE54-9A1E7A4F7556}") = "HTMLParser", "..\HTMLParser\HTMLParser.csproj", "{B89499BA-02B2-4E19-A587-1C7B294CA7BE}"
EndProject
Project("{FAE04EC0-301F-11D3-BF4B-00C04F79EFBC}") = "HTMLParser.Tests", "..\HTMLParser.Tests\HTMLParser.Tests.csproj", "{DEE5758F-4C82-4CC0-986D-10E21E01FC69}"
EndProject
Global
	GlobalSection(SolutionConfigurationPlatforms) = preSolution
		Debug|Any CPU = Debug|Any CPU
		Release|Any CPU = Release|Any CPU
	EndGlobalSection
	GlobalSection(ProjectConfigurationPlatforms) = postSolution
		{A11C550D-19BD-4653-89CF-37949102F63B}.Debug|Any CPU.ActiveCfg = Debug|Any CPU
		{A11C550D-19BD-4653-89CF-37949102F63B}.Debug|Any CPU.Build.0 = Debug|Any CPU
		{A11C550D-19BD-4653-89CF-37949102F63B}.Release|Any CPU.ActiveCfg = Release|Any CPU
		{A11C550D-19BD-4653-89CF-37949102F63B}.Release|Any CPU.Build.0 = Release|Any CPU
		{B89499BA-02B2-4E19-A587-1C7B294CA7BE}.Debug|Any CPU.ActiveCfg = Debug|Any CPU
		{B89499BA-02B2-4E19-A587-1C7B294CA7BE}.Debug|Any CPU.Build.0 = Debug|Any CPU
		{B89499BA-02B2-4E19-A587-1C7B294CA7BE}.Release|Any CPU.ActiveCfg = Release|Any CPU
		{B89499BA-02B2-4E19-A587-1C7B294CA7BE}.Release|Any CPU.Build.0 = Release|Any CPU
		{DEE5758F-4C82-4CC0-986D-10E21E01FC69}.Debug|Any CPU.ActiveCfg = Debug|Any CPU
		{DEE5758F-4C82-4CC0-986D-10E21E01FC69}.Debug|Any CPU.Build.0 = Debug|Any CPU
		{DEE5758F-4C82-4CC0-986D-10E21E01FC69}.Release|Any CPU.ActiveCfg = Release|Any CPU
		{DEE5758F-4C82-4CC0-986D-10E21E01FC69}.Release|Any CPU.Build.0 = Release|Any CPU
	EndGlobalSection
	GlobalSection(SolutionProperties) = preSolution
		HideSolutionNode = FALSE
	EndGlobalSection
	GlobalSection(ExtensibilityGlobals) = postSolution
		SolutionGuid = {47F88EA9-5A60-4829-9D49-EBDEF4B9E2FE}
	EndGlobalSection
EndGlobal
